
Microsoft Visual Studio Solution File, Format Version 12.00
# Visual Studio 15
VisualStudioVersion = 15.0.26430.14
MinimumVisualStudioVersion = 10.0.40219.1
Project("{8BC9CEB8-8B4A-11D0-8D11-00A0C91BC942}") = "SCCodeInstaller", "SCCodeInstaller\SCCodeInstaller.vcxproj", "{EB2B5E0C-0EF8-4F3F-97A1-CD89CA1E59DB}"
EndProject
Project("{FAE04EC0-301F-11D3-BF4B-00C04F79EFBC}") = "UserCode", "UserCode\UserCode.csproj", "{AA36B209-A219-4E02-A3F0-99655E0C687F}"
	ProjectSection(ProjectDependencies) = postProject
		{EB2B5E0C-0EF8-4F3F-97A1-CD89CA1E59DB} = {EB2B5E0C-0EF8-4F3F-97A1-CD89CA1E59DB}
	EndProjectSection
EndProject
Project("{FAE04EC0-301F-11D3-BF4B-00C04F79EFBC}") = "SCLaucher", "SCLaucher\SCLaucher.csproj", "{2A170AB1-4375-43B3-87B0-28706A7DF364}"
	ProjectSection(ProjectDependencies) = postProject
		{AA36B209-A219-4E02-A3F0-99655E0C687F} = {AA36B209-A219-4E02-A3F0-99655E0C687F}
		{9FCE5EBE-91C1-4FE0-B8C8-C840B32F999E} = {9FCE5EBE-91C1-4FE0-B8C8-C840B32F999E}
	EndProjectSection
EndProject
Project("{FAE04EC0-301F-11D3-BF4B-00C04F79EFBC}") = "ExternalAssembly", "ExternalAssembly\ExternalAssembly.csproj", "{BC3A880C-D319-44AD-A236-8769EC0D720E}"
EndProject
Project("{8BC9CEB8-8B4A-11D0-8D11-00A0C91BC942}") = "CleanUP", "CleanUP\CleanUP.vcxproj", "{91A1CBF7-594F-4977-8D86-96AEC5F045BB}"
EndProject
Project("{8BC9CEB8-8B4A-11D0-8D11-00A0C91BC942}") = "SCPack", "SCPack\SCPack.vcxproj", "{9FCE5EBE-91C1-4FE0-B8C8-C840B32F999E}"
EndProject
Project("{2150E333-8FDC-42A3-9474-1A3956D46DE8}") = "Tools", "Tools", "{3D732754-3F3F-4086-95CD-F1D177BE5A6E}"
EndProject
Project("{8BC9CEB8-8B4A-11D0-8D11-00A0C91BC942}") = "SCServer", "SCServer\SCServer.vcxproj", "{48A0A09A-745A-4326-B5CE-790CA3273671}"
EndProject
Global
	GlobalSection(SolutionConfigurationPlatforms) = preSolution
		Debug|Any CPU = Debug|Any CPU
		Debug|ARM = Debug|ARM
		Debug|x64 = Debug|x64
		Debug|x86 = Debug|x86
		Release|Any CPU = Release|Any CPU
		Release|ARM = Release|ARM
		Release|x64 = Release|x64
		Release|x86 = Release|x86
		SCCodeInstallerDebuger|Any CPU = SCCodeInstallerDebuger|Any CPU
		SCCodeInstallerDebuger|ARM = SCCodeInstallerDebuger|ARM
		SCCodeInstallerDebuger|x64 = SCCodeInstallerDebuger|x64
		SCCodeInstallerDebuger|x86 = SCCodeInstallerDebuger|x86
	EndGlobalSection
	GlobalSection(ProjectConfigurationPlatforms) = postSolution
		{EB2B5E0C-0EF8-4F3F-97A1-CD89CA1E59DB}.Debug|Any CPU.ActiveCfg = Release|Win32
		{EB2B5E0C-0EF8-4F3F-97A1-CD89CA1E59DB}.Debug|ARM.ActiveCfg = Release|Win32
		{EB2B5E0C-0EF8-4F3F-97A1-CD89CA1E59DB}.Debug|x64.ActiveCfg = Release|x64
		{EB2B5E0C-0EF8-4F3F-97A1-CD89CA1E59DB}.Debug|x64.Build.0 = Release|x64
		{EB2B5E0C-0EF8-4F3F-97A1-CD89CA1E59DB}.Debug|x86.ActiveCfg = Release|Win32
		{EB2B5E0C-0EF8-4F3F-97A1-CD89CA1E59DB}.Debug|x86.Build.0 = Release|Win32
		{EB2B5E0C-0EF8-4F3F-97A1-CD89CA1E59DB}.Release|Any CPU.ActiveCfg = Release|Win32
		{EB2B5E0C-0EF8-4F3F-97A1-CD89CA1E59DB}.Release|ARM.ActiveCfg = Release|Win32
		{EB2B5E0C-0EF8-4F3F-97A1-CD89CA1E59DB}.Release|x64.ActiveCfg = Release|x64
		{EB2B5E0C-0EF8-4F3F-97A1-CD89CA1E59DB}.Release|x64.Build.0 = Release|x64
		{EB2B5E0C-0EF8-4F3F-97A1-CD89CA1E59DB}.Release|x86.ActiveCfg = Release|Win32
		{EB2B5E0C-0EF8-4F3F-97A1-CD89CA1E59DB}.Release|x86.Build.0 = Release|Win32
		{EB2B5E0C-0EF8-4F3F-97A1-CD89CA1E59DB}.SCCodeInstallerDebuger|Any CPU.ActiveCfg = Debug|x64
		{EB2B5E0C-0EF8-4F3F-97A1-CD89CA1E59DB}.SCCodeInstallerDebuger|Any CPU.Build.0 = Debug|x64
		{EB2B5E0C-0EF8-4F3F-97A1-CD89CA1E59DB}.SCCodeInstallerDebuger|ARM.ActiveCfg = Debug|x64
		{EB2B5E0C-0EF8-4F3F-97A1-CD89CA1E59DB}.SCCodeInstallerDebuger|ARM.Build.0 = Debug|x64
		{EB2B5E0C-0EF8-4F3F-97A1-CD89CA1E59DB}.SCCodeInstallerDebuger|x64.ActiveCfg = Debug|x64
		{EB2B5E0C-0EF8-4F3F-97A1-CD89CA1E59DB}.SCCodeInstallerDebuger|x64.Build.0 = Debug|x64
		{EB2B5E0C-0EF8-4F3F-97A1-CD89CA1E59DB}.SCCodeInstallerDebuger|x86.ActiveCfg = Debug|Win32
		{EB2B5E0C-0EF8-4F3F-97A1-CD89CA1E59DB}.SCCodeInstallerDebuger|x86.Build.0 = Debug|Win32
		{AA36B209-A219-4E02-A3F0-99655E0C687F}.Debug|Any CPU.ActiveCfg = Debug|Any CPU
		{AA36B209-A219-4E02-A3F0-99655E0C687F}.Debug|Any CPU.Build.0 = Debug|Any CPU
		{AA36B209-A219-4E02-A3F0-99655E0C687F}.Debug|ARM.ActiveCfg = Debug|ARM
		{AA36B209-A219-4E02-A3F0-99655E0C687F}.Debug|ARM.Build.0 = Debug|ARM
		{AA36B209-A219-4E02-A3F0-99655E0C687F}.Debug|x64.ActiveCfg = Debug|x64
		{AA36B209-A219-4E02-A3F0-99655E0C687F}.Debug|x64.Build.0 = Debug|x64
		{AA36B209-A219-4E02-A3F0-99655E0C687F}.Debug|x86.ActiveCfg = Debug|x86
		{AA36B209-A219-4E02-A3F0-99655E0C687F}.Debug|x86.Build.0 = Debug|x86
		{AA36B209-A219-4E02-A3F0-99655E0C687F}.Release|Any CPU.ActiveCfg = Release|Any CPU
		{AA36B209-A219-4E02-A3F0-99655E0C687F}.Release|Any CPU.Build.0 = Release|Any CPU
		{AA36B209-A219-4E02-A3F0-99655E0C687F}.Release|ARM.ActiveCfg = Release|ARM
		{AA36B209-A219-4E02-A3F0-99655E0C687F}.Release|ARM.Build.0 = Release|ARM
		{AA36B209-A219-4E02-A3F0-99655E0C687F}.Release|x64.ActiveCfg = Release|x64
		{AA36B209-A219-4E02-A3F0-99655E0C687F}.Release|x64.Build.0 = Release|x64
		{AA36B209-A219-4E02-A3F0-99655E0C687F}.Release|x86.ActiveCfg = Release|x86
		{AA36B209-A219-4E02-A3F0-99655E0C687F}.Release|x86.Build.0 = Release|x86
		{AA36B209-A219-4E02-A3F0-99655E0C687F}.SCCodeInstallerDebuger|Any CPU.ActiveCfg = Debug|Any CPU
		{AA36B209-A219-4E02-A3F0-99655E0C687F}.SCCodeInstallerDebuger|ARM.ActiveCfg = Debug|ARM
		{AA36B209-A219-4E02-A3F0-99655E0C687F}.SCCodeInstallerDebuger|x64.ActiveCfg = Debug|x64
		{AA36B209-A219-4E02-A3F0-99655E0C687F}.SCCodeInstallerDebuger|x86.ActiveCfg = Debug|x86
		{2A170AB1-4375-43B3-87B0-28706A7DF364}.Debug|Any CPU.ActiveCfg = Debug|x86
		{2A170AB1-4375-43B3-87B0-28706A7DF364}.Debug|ARM.ActiveCfg = Debug|ARM
		{2A170AB1-4375-43B3-87B0-28706A7DF364}.Debug|ARM.Build.0 = Debug|ARM
		{2A170AB1-4375-43B3-87B0-28706A7DF364}.Debug|ARM.Deploy.0 = Debug|ARM
		{2A170AB1-4375-43B3-87B0-28706A7DF364}.Debug|x64.ActiveCfg = Debug|x64
		{2A170AB1-4375-43B3-87B0-28706A7DF364}.Debug|x64.Build.0 = Debug|x64
		{2A170AB1-4375-43B3-87B0-28706A7DF364}.Debug|x64.Deploy.0 = Debug|x64
		{2A170AB1-4375-43B3-87B0-28706A7DF364}.Debug|x86.ActiveCfg = Debug|x86
		{2A170AB1-4375-43B3-87B0-28706A7DF364}.Debug|x86.Build.0 = Debug|x86
		{2A170AB1-4375-43B3-87B0-28706A7DF364}.Debug|x86.Deploy.0 = Debug|x86
		{2A170AB1-4375-43B3-87B0-28706A7DF364}.Release|Any CPU.ActiveCfg = Release|x86
		{2A170AB1-4375-43B3-87B0-28706A7DF364}.Release|ARM.ActiveCfg = Release|ARM
		{2A170AB1-4375-43B3-87B0-28706A7DF364}.Release|ARM.Build.0 = Release|ARM
		{2A170AB1-4375-43B3-87B0-28706A7DF364}.Release|ARM.Deploy.0 = Release|ARM
		{2A170AB1-4375-43B3-87B0-28706A7DF364}.Release|x64.ActiveCfg = Release|x64
		{2A170AB1-4375-43B3-87B0-28706A7DF364}.Release|x64.Build.0 = Release|x64
		{2A170AB1-4375-43B3-87B0-28706A7DF364}.Release|x64.Deploy.0 = Release|x64
		{2A170AB1-4375-43B3-87B0-28706A7DF364}.Release|x86.ActiveCfg = Release|x86
		{2A170AB1-4375-43B3-87B0-28706A7DF364}.Release|x86.Build.0 = Release|x86
		{2A170AB1-4375-43B3-87B0-28706A7DF364}.Release|x86.Deploy.0 = Release|x86
		{2A170AB1-4375-43B3-87B0-28706A7DF364}.SCCodeInstallerDebuger|Any CPU.ActiveCfg = Debug|x64
		{2A170AB1-4375-43B3-87B0-28706A7DF364}.SCCodeInstallerDebuger|ARM.ActiveCfg = Debug|ARM
		{2A170AB1-4375-43B3-87B0-28706A7DF364}.SCCodeInstallerDebuger|x64.ActiveCfg = Debug|x64
		{2A170AB1-4375-43B3-87B0-28706A7DF364}.SCCodeInstallerDebuger|x86.ActiveCfg = Debug|x86
		{BC3A880C-D319-44AD-A236-8769EC0D720E}.Debug|Any CPU.ActiveCfg = Debug|Any CPU
		{BC3A880C-D319-44AD-A236-8769EC0D720E}.Debug|Any CPU.Build.0 = Debug|Any CPU
		{BC3A880C-D319-44AD-A236-8769EC0D720E}.Debug|ARM.ActiveCfg = Debug|ARM
		{BC3A880C-D319-44AD-A236-8769EC0D720E}.Debug|ARM.Build.0 = Debug|ARM
		{BC3A880C-D319-44AD-A236-8769EC0D720E}.Debug|x64.ActiveCfg = Debug|x64
		{BC3A880C-D319-44AD-A236-8769EC0D720E}.Debug|x64.Build.0 = Debug|x64
		{BC3A880C-D319-44AD-A236-8769EC0D720E}.Debug|x86.ActiveCfg = Debug|x86
		{BC3A880C-D319-44AD-A236-8769EC0D720E}.Debug|x86.Build.0 = Debug|x86
		{BC3A880C-D319-44AD-A236-8769EC0D720E}.Release|Any CPU.ActiveCfg = Release|Any CPU
		{BC3A880C-D319-44AD-A236-8769EC0D720E}.Release|Any CPU.Build.0 = Release|Any CPU
		{BC3A880C-D319-44AD-A236-8769EC0D720E}.Release|ARM.ActiveCfg = Release|ARM
		{BC3A880C-D319-44AD-A236-8769EC0D720E}.Release|ARM.Build.0 = Release|ARM
		{BC3A880C-D319-44AD-A236-8769EC0D720E}.Release|x64.ActiveCfg = Release|x64
		{BC3A880C-D319-44AD-A236-8769EC0D720E}.Release|x64.Build.0 = Release|x64
		{BC3A880C-D319-44AD-A236-8769EC0D720E}.Release|x86.ActiveCfg = Release|x86
		{BC3A880C-D319-44AD-A236-8769EC0D720E}.Release|x86.Build.0 = Release|x86
		{BC3A880C-D319-44AD-A236-8769EC0D720E}.SCCodeInstallerDebuger|Any CPU.ActiveCfg = Debug|Any CPU
		{BC3A880C-D319-44AD-A236-8769EC0D720E}.SCCodeInstallerDebuger|ARM.ActiveCfg = Debug|ARM
		{BC3A880C-D319-44AD-A236-8769EC0D720E}.SCCodeInstallerDebuger|x64.ActiveCfg = Debug|x64
		{BC3A880C-D319-44AD-A236-8769EC0D720E}.SCCodeInstallerDebuger|x86.ActiveCfg = Debug|x86
		{91A1CBF7-594F-4977-8D86-96AEC5F045BB}.Debug|Any CPU.ActiveCfg = CleanUP|Win32
		{91A1CBF7-594F-4977-8D86-96AEC5F045BB}.Debug|Any CPU.Build.0 = CleanUP|Win32
		{91A1CBF7-594F-4977-8D86-96AEC5F045BB}.Debug|ARM.ActiveCfg = CleanUP|Win32
		{91A1CBF7-594F-4977-8D86-96AEC5F045BB}.Debug|ARM.Build.0 = CleanUP|Win32
		{91A1CBF7-594F-4977-8D86-96AEC5F045BB}.Debug|x64.ActiveCfg = CleanUP|Win32
		{91A1CBF7-594F-4977-8D86-96AEC5F045BB}.Debug|x64.Build.0 = CleanUP|Win32
		{91A1CBF7-594F-4977-8D86-96AEC5F045BB}.Debug|x86.ActiveCfg = CleanUP|Win32
		{91A1CBF7-594F-4977-8D86-96AEC5F045BB}.Debug|x86.Build.0 = CleanUP|Win32
		{91A1CBF7-594F-4977-8D86-96AEC5F045BB}.Release|Any CPU.ActiveCfg = CleanUP|Win32
		{91A1CBF7-594F-4977-8D86-96AEC5F045BB}.Release|Any CPU.Build.0 = CleanUP|Win32
		{91A1CBF7-594F-4977-8D86-96AEC5F045BB}.Release|ARM.ActiveCfg = CleanUP|Win32
		{91A1CBF7-594F-4977-8D86-96AEC5F045BB}.Release|ARM.Build.0 = CleanUP|Win32
		{91A1CBF7-594F-4977-8D86-96AEC5F045BB}.Release|x64.ActiveCfg = CleanUP|Win32
		{91A1CBF7-594F-4977-8D86-96AEC5F045BB}.Release|x64.Build.0 = CleanUP|Win32
		{91A1CBF7-594F-4977-8D86-96AEC5F045BB}.Release|x86.ActiveCfg = CleanUP|Win32
		{91A1CBF7-594F-4977-8D86-96AEC5F045BB}.Release|x86.Build.0 = CleanUP|Win32
		{91A1CBF7-594F-4977-8D86-96AEC5F045BB}.SCCodeInstallerDebuger|Any CPU.ActiveCfg = CleanUP|Win32
		{91A1CBF7-594F-4977-8D86-96AEC5F045BB}.SCCodeInstallerDebuger|Any CPU.Build.0 = CleanUP|Win32
		{91A1CBF7-594F-4977-8D86-96AEC5F045BB}.SCCodeInstallerDebuger|ARM.ActiveCfg = CleanUP|Win32
		{91A1CBF7-594F-4977-8D86-96AEC5F045BB}.SCCodeInstallerDebuger|ARM.Build.0 = CleanUP|Win32
		{91A1CBF7-594F-4977-8D86-96AEC5F045BB}.SCCodeInstallerDebuger|x64.ActiveCfg = CleanUP|Win32
		{91A1CBF7-594F-4977-8D86-96AEC5F045BB}.SCCodeInstallerDebuger|x64.Build.0 = CleanUP|Win32
		{91A1CBF7-594F-4977-8D86-96AEC5F045BB}.SCCodeInstallerDebuger|x86.ActiveCfg = CleanUP|Win32
		{91A1CBF7-594F-4977-8D86-96AEC5F045BB}.SCCodeInstallerDebuger|x86.Build.0 = CleanUP|Win32
		{9FCE5EBE-91C1-4FE0-B8C8-C840B32F999E}.Debug|Any CPU.ActiveCfg = Release|Win32
		{9FCE5EBE-91C1-4FE0-B8C8-C840B32F999E}.Debug|ARM.ActiveCfg = Release|Win32
		{9FCE5EBE-91C1-4FE0-B8C8-C840B32F999E}.Debug|x64.ActiveCfg = Release|x64
		{9FCE5EBE-91C1-4FE0-B8C8-C840B32F999E}.Debug|x64.Build.0 = Release|x64
		{9FCE5EBE-91C1-4FE0-B8C8-C840B32F999E}.Debug|x86.ActiveCfg = Release|Win32
		{9FCE5EBE-91C1-4FE0-B8C8-C840B32F999E}.Debug|x86.Build.0 = Release|Win32
		{9FCE5EBE-91C1-4FE0-B8C8-C840B32F999E}.Release|Any CPU.ActiveCfg = Release|Win32
		{9FCE5EBE-91C1-4FE0-B8C8-C840B32F999E}.Release|ARM.ActiveCfg = Release|Win32
		{9FCE5EBE-91C1-4FE0-B8C8-C840B32F999E}.Release|x64.ActiveCfg = Release|x64
		{9FCE5EBE-91C1-4FE0-B8C8-C840B32F999E}.Release|x64.Build.0 = Release|x64
		{9FCE5EBE-91C1-4FE0-B8C8-C840B32F999E}.Release|x86.ActiveCfg = Release|Win32
		{9FCE5EBE-91C1-4FE0-B8C8-C840B32F999E}.Release|x86.Build.0 = Release|Win32
		{9FCE5EBE-91C1-4FE0-B8C8-C840B32F999E}.SCCodeInstallerDebuger|Any CPU.ActiveCfg = Release|x64
		{9FCE5EBE-91C1-4FE0-B8C8-C840B32F999E}.SCCodeInstallerDebuger|Any CPU.Build.0 = Release|x64
		{9FCE5EBE-91C1-4FE0-B8C8-C840B32F999E}.SCCodeInstallerDebuger|ARM.ActiveCfg = Release|x64
		{9FCE5EBE-91C1-4FE0-B8C8-C840B32F999E}.SCCodeInstallerDebuger|ARM.Build.0 = Release|x64
		{9FCE5EBE-91C1-4FE0-B8C8-C840B32F999E}.SCCodeInstallerDebuger|x64.ActiveCfg = Debug|x64
		{9FCE5EBE-91C1-4FE0-B8C8-C840B32F999E}.SCCodeInstallerDebuger|x64.Build.0 = Debug|x64
		{9FCE5EBE-91C1-4FE0-B8C8-C840B32F999E}.SCCodeInstallerDebuger|x86.ActiveCfg = Debug|Win32
		{9FCE5EBE-91C1-4FE0-B8C8-C840B32F999E}.SCCodeInstallerDebuger|x86.Build.0 = Debug|Win32
		{48A0A09A-745A-4326-B5CE-790CA3273671}.Debug|Any CPU.ActiveCfg = Debug|Win32
		{48A0A09A-745A-4326-B5CE-790CA3273671}.Debug|ARM.ActiveCfg = Debug|Win32
		{48A0A09A-745A-4326-B5CE-790CA3273671}.Debug|x64.ActiveCfg = Debug|x64
		{48A0A09A-745A-4326-B5CE-790CA3273671}.Debug|x64.Build.0 = Debug|x64
		{48A0A09A-745A-4326-B5CE-790CA3273671}.Debug|x86.ActiveCfg = Debug|Win32
		{48A0A09A-745A-4326-B5CE-790CA3273671}.Debug|x86.Build.0 = Debug|Win32
		{48A0A09A-745A-4326-B5CE-790CA3273671}.Release|Any CPU.ActiveCfg = Release|Win32
		{48A0A09A-745A-4326-B5CE-790CA3273671}.Release|ARM.ActiveCfg = Release|Win32
		{48A0A09A-745A-4326-B5CE-790CA3273671}.Release|x64.ActiveCfg = Release|x64
		{48A0A09A-745A-4326-B5CE-790CA3273671}.Release|x64.Build.0 = Release|x64
		{48A0A09A-745A-4326-B5CE-790CA3273671}.Release|x86.ActiveCfg = Release|Win32
		{48A0A09A-745A-4326-B5CE-790CA3273671}.Release|x86.Build.0 = Release|Win32
		{48A0A09A-745A-4326-B5CE-790CA3273671}.SCCodeInstallerDebuger|Any CPU.ActiveCfg = Release|x64
		{48A0A09A-745A-4326-B5CE-790CA3273671}.SCCodeInstallerDebuger|Any CPU.Build.0 = Release|x64
		{48A0A09A-745A-4326-B5CE-790CA3273671}.SCCodeInstallerDebuger|ARM.ActiveCfg = Release|x64
		{48A0A09A-745A-4326-B5CE-790CA3273671}.SCCodeInstallerDebuger|ARM.Build.0 = Release|x64
		{48A0A09A-745A-4326-B5CE-790CA3273671}.SCCodeInstallerDebuger|x64.ActiveCfg = Debug|x64
		{48A0A09A-745A-4326-B5CE-790CA3273671}.SCCodeInstallerDebuger|x64.Build.0 = Debug|x64
		{48A0A09A-745A-4326-B5CE-790CA3273671}.SCCodeInstallerDebuger|x86.ActiveCfg = Debug|Win32
		{48A0A09A-745A-4326-B5CE-790CA3273671}.SCCodeInstallerDebuger|x86.Build.0 = Debug|Win32
	EndGlobalSection
	GlobalSection(SolutionProperties) = preSolution
		HideSolutionNode = FALSE
	EndGlobalSection
	GlobalSection(NestedProjects) = preSolution
		{EB2B5E0C-0EF8-4F3F-97A1-CD89CA1E59DB} = {3D732754-3F3F-4086-95CD-F1D177BE5A6E}
		{9FCE5EBE-91C1-4FE0-B8C8-C840B32F999E} = {3D732754-3F3F-4086-95CD-F1D177BE5A6E}
	EndGlobalSection
EndGlobal
